// !$*UTF8*$!
{
	archiveVersion = 1;
	classes = {
	};
	objectVersion = 46;
	objects = {

/* Begin PBXBuildFile section */
		26467C5D1A67468F00562C33 /* UIImage+Extention.m in Sources */ = {isa = PBXBuildFile; fileRef = 26467C5C1A67468F00562C33 /* UIImage+Extention.m */; };
		265B898D1A6BB2A800EA2DF3 /* JPinYinUtil.m in Sources */ = {isa = PBXBuildFile; fileRef = 265B898C1A6BB2A800EA2DF3 /* JPinYinUtil.m */; };
		265B89921A6BB2B600EA2DF3 /* NSString+Extention.m in Sources */ = {isa = PBXBuildFile; fileRef = 265B898F1A6BB2B600EA2DF3 /* NSString+Extention.m */; };
		265B89931A6BB2B600EA2DF3 /* UIView+Extention.m in Sources */ = {isa = PBXBuildFile; fileRef = 265B89911A6BB2B600EA2DF3 /* UIView+Extention.m */; };
/* End PBXBuildFile section */

/* Begin PBXCopyFilesBuildPhase section */
		26467C3F1A67461800562C33 /* CopyFiles */ = {
			isa = PBXCopyFilesBuildPhase;
			buildActionMask = 2147483647;
			dstPath = "include/$(PRODUCT_NAME)";
			dstSubfolderSpec = 16;
			files = (
			);
			runOnlyForDeploymentPostprocessing = 0;
		};
/* End PBXCopyFilesBuildPhase section */

/* Begin PBXFileReference section */
		26467C411A67461900562C33 /* libSeveral-Categories.a */ = {isa = PBXFileReference; explicitFileType = archive.ar; includeInIndex = 0; path = "libSeveral-Categories.a"; sourceTree = BUILT_PRODUCTS_DIR; };
		26467C5B1A67468F00562C33 /* UIImage+Extention.h */ = {isa = PBXFileReference; fileEncoding = 4; lastKnownFileType = sourcecode.c.h; path = "UIImage+Extention.h"; sourceTree = "<group>"; };
		26467C5C1A67468F00562C33 /* UIImage+Extention.m */ = {isa = PBXFileReference; fileEncoding = 4; lastKnownFileType = sourcecode.c.objc; path = "UIImage+Extention.m"; sourceTree = "<group>"; };
		265B898B1A6BB2A800EA2DF3 /* JPinYinUtil.h */ = {isa = PBXFileReference; fileEncoding = 4; lastKnownFileType = sourcecode.c.h; path = JPinYinUtil.h; sourceTree = "<group>"; };
		265B898C1A6BB2A800EA2DF3 /* JPinYinUtil.m */ = {isa = PBXFileReference; fileEncoding = 4; lastKnownFileType = sourcecode.c.objc; path = JPinYinUtil.m; sourceTree = "<group>"; };
		265B898E1A6BB2B600EA2DF3 /* NSString+Extention.h */ = {isa = PBXFileReference; fileEncoding = 4; lastKnownFileType = sourcecode.c.h; path = "NSString+Extention.h"; sourceTree = "<group>"; };
		265B898F1A6BB2B600EA2DF3 /* NSString+Extention.m */ = {isa = PBXFileReference; fileEncoding = 4; lastKnownFileType = sourcecode.c.objc; path = "NSString+Extention.m"; sourceTree = "<group>"; };
		265B89901A6BB2B600EA2DF3 /* UIView+Extention.h */ = {isa = PBXFileReference; fileEncoding = 4; lastKnownFileType = sourcecode.c.h; path = "UIView+Extention.h"; sourceTree = "<group>"; };
		265B89911A6BB2B600EA2DF3 /* UIView+Extention.m */ = {isa = PBXFileReference; fileEncoding = 4; lastKnownFileType = sourcecode.c.objc; path = "UIView+Extention.m"; sourceTree = "<group>"; };
/* End PBXFileReference section */

/* Begin PBXFrameworksBuildPhase section */
		26467C3E1A67461800562C33 /* Frameworks */ = {
			isa = PBXFrameworksBuildPhase;
			buildActionMask = 2147483647;
			files = (
			);
			runOnlyForDeploymentPostprocessing = 0;
		};
/* End PBXFrameworksBuildPhase section */

/* Begin PBXGroup section */
		26467C381A67461800562C33 = {
			isa = PBXGroup;
			children = (
				26467C431A67461900562C33 /* Several-Categories */,
				26467C421A67461900562C33 /* Products */,
			);
			sourceTree = "<group>";
		};
		26467C421A67461900562C33 /* Products */ = {
			isa = PBXGroup;
			children = (
				26467C411A67461900562C33 /* libSeveral-Categories.a */,
			);
			name = Products;
			sourceTree = "<group>";
		};
		26467C431A67461900562C33 /* Several-Categories */ = {
			isa = PBXGroup;
			children = (
				26467C9A1A67638800562C33 /* tools */,
				26467C5B1A67468F00562C33 /* UIImage+Extention.h */,
				26467C5C1A67468F00562C33 /* UIImage+Extention.m */,
				265B898E1A6BB2B600EA2DF3 /* NSString+Extention.h */,
				265B898F1A6BB2B600EA2DF3 /* NSString+Extention.m */,
				265B89901A6BB2B600EA2DF3 /* UIView+Extention.h */,
				265B89911A6BB2B600EA2DF3 /* UIView+Extention.m */,
			);
			path = "Several-Categories";
			sourceTree = "<group>";
		};
		26467C9A1A67638800562C33 /* tools */ = {
			isa = PBXGroup;
			children = (
				26467C9B1A6763C500562C33 /* JPinyin */,
			);
			name = tools;
			sourceTree = "<group>";
		};
		26467C9B1A6763C500562C33 /* JPinyin */ = {
			isa = PBXGroup;
			children = (
				265B898B1A6BB2A800EA2DF3 /* JPinYinUtil.h */,
				265B898C1A6BB2A800EA2DF3 /* JPinYinUtil.m */,
			);
			path = JPinyin;
			sourceTree = "<group>";
		};
/* End PBXGroup section */

/* Begin PBXNativeTarget section */
		26467C401A67461800562C33 /* Several-Categories */ = {
			isa = PBXNativeTarget;
			buildConfigurationList = 26467C551A67461900562C33 /* Build configuration list for PBXNativeTarget "Several-Categories" */;
			buildPhases = (
				26467C3D1A67461800562C33 /* Sources */,
				26467C3E1A67461800562C33 /* Frameworks */,
				26467C3F1A67461800562C33 /* CopyFiles */,
			);
			buildRules = (
			);
			dependencies = (
			);
			name = "Several-Categories";
			productName = "Several-Categories";
			productReference = 26467C411A67461900562C33 /* libSeveral-Categories.a */;
			productType = "com.apple.product-type.library.static";
		};
/* End PBXNativeTarget section */

/* Begin PBXProject section */
		26467C391A67461800562C33 /* Project object */ = {
			isa = PBXProject;
			attributes = {
				LastUpgradeCheck = 0610;
				ORGANIZATIONNAME = Sven;
				TargetAttributes = {
					26467C401A67461800562C33 = {
						CreatedOnToolsVersion = 6.1;
					};
				};
			};
			buildConfigurationList = 26467C3C1A67461800562C33 /* Build configuration list for PBXProject "Several-Categories" */;
			compatibilityVersion = "Xcode 3.2";
			developmentRegion = English;
			hasScannedForEncodings = 0;
			knownRegions = (
				en,
			);
			mainGroup = 26467C381A67461800562C33;
			productRefGroup = 26467C421A67461900562C33 /* Products */;
			projectDirPath = "";
			projectRoot = "";
			targets = (
				26467C401A67461800562C33 /* Several-Categories */,
			);
		};
/* End PBXProject section */

/* Begin PBXSourcesBuildPhase section */
		26467C3D1A67461800562C33 /* Sources */ = {
			isa = PBXSourcesBuildPhase;
			buildActionMask = 2147483647;
			files = (
				26467C5D1A67468F00562C33 /* UIImage+Extention.m in Sources */,
				265B89921A6BB2B600EA2DF3 /* NSString+Extention.m in Sources */,
				265B898D1A6BB2A800EA2DF3 /* JPinYinUtil.m in Sources */,
				265B89931A6BB2B600EA2DF3 /* UIView+Extention.m in Sources */,
			);
			runOnlyForDeploymentPostprocessing = 0;
		};
/* End PBXSourcesBuildPhase section */

/* Begin XCBuildConfiguration section */
		26467C531A67461900562C33 /* Debug */ = {
			isa = XCBuildConfiguration;
			buildSettings = {
				ALWAYS_SEARCH_USER_PATHS = NO;
				CLANG_CXX_LANGUAGE_STANDARD = "gnu++0x";
				CLANG_CXX_LIBRARY = "libc++";
				CLANG_ENABLE_MODULES = YES;
				CLANG_ENABLE_OBJC_ARC = YES;
				CLANG_WARN_BOOL_CONVERSION = YES;
				CLANG_WARN_CONSTANT_CONVERSION = YES;
				CLANG_WARN_DIRECT_OBJC_ISA_USAGE = YES_ERROR;
				CLANG_WARN_EMPTY_BODY = YES;
				CLANG_WARN_ENUM_CONVERSION = YES;
				CLANG_WARN_INT_CONVERSION = YES;
				CLANG_WARN_OBJC_ROOT_CLASS = YES_ERROR;
				CLANG_WARN_UNREACHABLE_CODE = YES;
				CLANG_WARN__DUPLICATE_METHOD_MATCH = YES;
				COPY_PHASE_STRIP = NO;
				ENABLE_STRICT_OBJC_MSGSEND = YES;
				GCC_C_LANGUAGE_STANDARD = gnu99;
				GCC_DYNAMIC_NO_PIC = NO;
				GCC_OPTIMIZATION_LEVEL = 0;
				GCC_PREPROCESSOR_DEFINITIONS = (
					"DEBUG=1",
					"$(inherited)",
				);
				GCC_SYMBOLS_PRIVATE_EXTERN = NO;
				GCC_WARN_64_TO_32_BIT_CONVERSION = YES;
				GCC_WARN_ABOUT_RETURN_TYPE = YES_ERROR;
				GCC_WARN_UNDECLARED_SELECTOR = YES;
				GCC_WARN_UNINITIALIZED_AUTOS = YES_AGGRESSIVE;
				GCC_WARN_UNUSED_FUNCTION = YES;
				GCC_WARN_UNUSED_VARIABLE = YES;
				IPHONEOS_DEPLOYMENT_TARGET = 5.0;
				MTL_ENABLE_DEBUG_INFO = YES;
				ONLY_ACTIVE_ARCH = YES;
				SDKROOT = iphoneos;
			};
			name = Debug;
		};
		26467C541A67461900562C33 /* Release */ = {
			isa = XCBuildConfiguration;
			buildSettings = {
				ALWAYS_SEARCH_USER_PATHS = NO;
				CLANG_CXX_LANGUAGE_STANDARD = "gnu++0x";
				CLANG_CXX_LIBRARY = "libc++";
				CLANG_ENABLE_MODULES = YES;
				CLANG_ENABLE_OBJC_ARC = YES;
				CLANG_WARN_BOOL_CONVERSION = YES;
				CLANG_WARN_CONSTANT_CONVERSION = YES;
				CLANG_WARN_DIRECT_OBJC_ISA_USAGE = YES_ERROR;
				CLANG_WARN_EMPTY_BODY = YES;
				CLANG_WARN_ENUM_CONVERSION = YES;
				CLANG_WARN_INT_CONVERSION = YES;
				CLANG_WARN_OBJC_ROOT_CLASS = YES_ERROR;
				CLANG_WARN_UNREACHABLE_CODE = YES;
				CLANG_WARN__DUPLICATE_METHOD_MATCH = YES;
				COPY_PHASE_STRIP = YES;
				ENABLE_NS_ASSERTIONS = NO;
				ENABLE_STRICT_OBJC_MSGSEND = YES;
				GCC_C_LANGUAGE_STANDARD = gnu99;
				GCC_WARN_64_TO_32_BIT_CONVERSION = YES;
				GCC_WARN_ABOUT_RETURN_TYPE = YES_ERROR;
				GCC_WARN_UNDECLARED_SELECTOR = YES;
				GCC_WARN_UNINITIALIZED_AUTOS = YES_AGGRESSIVE;
				GCC_WARN_UNUSED_FUNCTION = YES;
				GCC_WARN_UNUSED_VARIABLE = YES;
				IPHONEOS_DEPLOYMENT_TARGET = 5.0;
				MTL_ENABLE_DEBUG_INFO = NO;
				SDKROOT = iphoneos;
				VALIDATE_PRODUCT = YES;
			};
			name = Release;
		};
		26467C561A67461900562C33 /* Debug */ = {
			isa = XCBuildConfiguration;
			buildSettings = {
				OTHER_LDFLAGS = "-ObjC";
				PRODUCT_NAME = "$(TARGET_NAME)";
				SKIP_INSTALL = YES;
			};
			name = Debug;
		};
		26467C571A67461900562C33 /* Release */ = {
			isa = XCBuildConfiguration;
			buildSettings = {
				OTHER_LDFLAGS = "-ObjC";
				PRODUCT_NAME = "$(TARGET_NAME)";
				SKIP_INSTALL = YES;
			};
			name = Release;
		};
/* End XCBuildConfiguration section */

/* Begin XCConfigurationList section */
		26467C3C1A67461800562C33 /* Build configuration list for PBXProject "Several-Categories" */ = {
			isa = XCConfigurationList;
			buildConfigurations = (
				26467C531A67461900562C33 /* Debug */,
				26467C541A67461900562C33 /* Release */,
			);
			defaultConfigurationIsVisible = 0;
			defaultConfigurationName = Release;
		};
		26467C551A67461900562C33 /* Build configuration list for PBXNativeTarget "Several-Categories" */ = {
			isa = XCConfigurationList;
			buildConfigurations = (
				26467C561A67461900562C33 /* Debug */,
				26467C571A67461900562C33 /* Release */,
			);
			defaultConfigurationIsVisible = 0;
			defaultConfigurationName = Release;
		};
/* End XCConfigurationList section */
	};
	rootObject = 26467C391A67461800562C33 /* Project object */;
}
